
Microsoft Visual Studio Solution File, Format Version 12.00
# Visual Studio Version 16
VisualStudioVersion = 16.0.33529.622
MinimumVisualStudioVersion = 10.0.40219.1
Project("{2150E333-8FDC-42A3-9474-1A3956D46DE8}") = "src", "src", "{BC888EFA-6B2E-4E72-A00F-3C51ED8765BB}"
EndProject
Project("{2150E333-8FDC-42A3-9474-1A3956D46DE8}") = "Services", "Services", "{4B0BC7B3-724B-4A30-980E-053EABE1C43F}"
EndProject
Project("{9A19103F-16F7-4668-BE54-9A1E7A4F7556}") = "CatalogApi", "CatalogApi\CatalogApi.csproj", "{D9495140-42FB-4F5F-9ACC-CA8842C55AD5}"
EndProject
Project("{2150E333-8FDC-42A3-9474-1A3956D46DE8}") = "Solution Items", "Solution Items", "{5D4D2417-5562-46AE-882A-E2B6E1E34FDD}"
	ProjectSection(SolutionItems) = preProject
		docker-compose.yml = docker-compose.yml
	EndProjectSection
EndProject
Project("{2150E333-8FDC-42A3-9474-1A3956D46DE8}") = "Presentation", "Presentation", "{E411E4CA-A781-4B38-94A1-5126823C9412}"
EndProject
Project("{9A19103F-16F7-4668-BE54-9A1E7A4F7556}") = "WebMvc", "WebMvc\WebMvc.csproj", "{F76E91BD-E424-450E-919F-6CC5EEA96A3F}"
EndProject
Project("{9A19103F-16F7-4668-BE54-9A1E7A4F7556}") = "AuthApi", "AuthApi\AuthApi.csproj", "{30BB333B-999B-4431-A34E-194E43BB98E5}"
EndProject
Global
	GlobalSection(SolutionConfigurationPlatforms) = preSolution
		Debug|Any CPU = Debug|Any CPU
		Release|Any CPU = Release|Any CPU
	EndGlobalSection
	GlobalSection(ProjectConfigurationPlatforms) = postSolution
		{D9495140-42FB-4F5F-9ACC-CA8842C55AD5}.Debug|Any CPU.ActiveCfg = Debug|Any CPU
		{D9495140-42FB-4F5F-9ACC-CA8842C55AD5}.Debug|Any CPU.Build.0 = Debug|Any CPU
		{D9495140-42FB-4F5F-9ACC-CA8842C55AD5}.Release|Any CPU.ActiveCfg = Release|Any CPU
		{D9495140-42FB-4F5F-9ACC-CA8842C55AD5}.Release|Any CPU.Build.0 = Release|Any CPU
		{F76E91BD-E424-450E-919F-6CC5EEA96A3F}.Debug|Any CPU.ActiveCfg = Debug|Any CPU
		{F76E91BD-E424-450E-919F-6CC5EEA96A3F}.Debug|Any CPU.Build.0 = Debug|Any CPU
		{F76E91BD-E424-450E-919F-6CC5EEA96A3F}.Release|Any CPU.ActiveCfg = Release|Any CPU
		{F76E91BD-E424-450E-919F-6CC5EEA96A3F}.Release|Any CPU.Build.0 = Release|Any CPU
		{30BB333B-999B-4431-A34E-194E43BB98E5}.Debug|Any CPU.ActiveCfg = Debug|Any CPU
		{30BB333B-999B-4431-A34E-194E43BB98E5}.Debug|Any CPU.Build.0 = Debug|Any CPU
		{30BB333B-999B-4431-A34E-194E43BB98E5}.Release|Any CPU.ActiveCfg = Release|Any CPU
		{30BB333B-999B-4431-A34E-194E43BB98E5}.Release|Any CPU.Build.0 = Release|Any CPU
	EndGlobalSection
	GlobalSection(SolutionProperties) = preSolution
		HideSolutionNode = FALSE
	EndGlobalSection
	GlobalSection(NestedProjects) = preSolution
		{4B0BC7B3-724B-4A30-980E-053EABE1C43F} = {BC888EFA-6B2E-4E72-A00F-3C51ED8765BB}
		{D9495140-42FB-4F5F-9ACC-CA8842C55AD5} = {4B0BC7B3-724B-4A30-980E-053EABE1C43F}
		{E411E4CA-A781-4B38-94A1-5126823C9412} = {BC888EFA-6B2E-4E72-A00F-3C51ED8765BB}
		{F76E91BD-E424-450E-919F-6CC5EEA96A3F} = {E411E4CA-A781-4B38-94A1-5126823C9412}
		{30BB333B-999B-4431-A34E-194E43BB98E5} = {4B0BC7B3-724B-4A30-980E-053EABE1C43F}
	EndGlobalSection
	GlobalSection(ExtensibilityGlobals) = postSolution
		SolutionGuid = {13F5263D-3D6E-4BBB-B52C-CD9EE4196420}
	EndGlobalSection
EndGlobal
